// !$*UTF8*$!
{
	archiveVersion = 1;
	classes = {
	};
	objectVersion = 46;
	objects = {

/* Begin PBXBuildFile section */
		198524761DC4FC3000052782 /* iteratorManager.cpp in Sources */ = {isa = PBXBuildFile; fileRef = 198524741DC4FC3000052782 /* iteratorManager.cpp */; };
		19BE66B91DC3975C0035ECC4 /* wordAnalyst.cpp in Sources */ = {isa = PBXBuildFile; fileRef = 19BE66B71DC3975C0035ECC4 /* wordAnalyst.cpp */; };
		19CA4EFE1DBE5C5F0050E0DF /* main.cpp in Sources */ = {isa = PBXBuildFile; fileRef = 19CA4EFD1DBE5C5F0050E0DF /* main.cpp */; };
		19D0E09C1DC43A7500BF2693 /* grammarAnalyst.cpp in Sources */ = {isa = PBXBuildFile; fileRef = 19D0E09A1DC43A7500BF2693 /* grammarAnalyst.cpp */; };
		19D120A71DC1D261003EEF6A /* calculator.cpp in Sources */ = {isa = PBXBuildFile; fileRef = 19D120A51DC1D261003EEF6A /* calculator.cpp */; };
		19D120AA1DC1D7A0003EEF6A /* memoryStack.cpp in Sources */ = {isa = PBXBuildFile; fileRef = 19D120A81DC1D7A0003EEF6A /* memoryStack.cpp */; };
		19D120AD1DC1E6E3003EEF6A /* fileHandler.cpp in Sources */ = {isa = PBXBuildFile; fileRef = 19D120AB1DC1E6E3003EEF6A /* fileHandler.cpp */; };
/* End PBXBuildFile section */

/* Begin PBXCopyFilesBuildPhase section */
		19CA4EF81DBE5C5F0050E0DF /* CopyFiles */ = {
			isa = PBXCopyFilesBuildPhase;
			buildActionMask = 2147483647;
			dstPath = /usr/share/man/man1/;
			dstSubfolderSpec = 0;
			files = (
			);
			runOnlyForDeploymentPostprocessing = 1;
		};
/* End PBXCopyFilesBuildPhase section */

/* Begin PBXFileReference section */
		198524741DC4FC3000052782 /* iteratorManager.cpp */ = {isa = PBXFileReference; fileEncoding = 4; lastKnownFileType = sourcecode.cpp.cpp; path = iteratorManager.cpp; sourceTree = "<group>"; };
		198524751DC4FC3000052782 /* iteratorManager.hpp */ = {isa = PBXFileReference; fileEncoding = 4; lastKnownFileType = sourcecode.cpp.h; path = iteratorManager.hpp; sourceTree = "<group>"; };
		19BE66B71DC3975C0035ECC4 /* wordAnalyst.cpp */ = {isa = PBXFileReference; fileEncoding = 4; lastKnownFileType = sourcecode.cpp.cpp; path = wordAnalyst.cpp; sourceTree = "<group>"; };
		19BE66B81DC3975C0035ECC4 /* wordAnalyst.hpp */ = {isa = PBXFileReference; fileEncoding = 4; lastKnownFileType = sourcecode.cpp.h; path = wordAnalyst.hpp; sourceTree = "<group>"; };
		19BE66BB1DC399750035ECC4 /* token.hpp */ = {isa = PBXFileReference; fileEncoding = 4; lastKnownFileType = sourcecode.cpp.h; path = token.hpp; sourceTree = "<group>"; };
		19CA4EFA1DBE5C5F0050E0DF /* SeedCupProject */ = {isa = PBXFileReference; explicitFileType = "compiled.mach-o.executable"; includeInIndex = 0; path = SeedCupProject; sourceTree = BUILT_PRODUCTS_DIR; };
		19CA4EFD1DBE5C5F0050E0DF /* main.cpp */ = {isa = PBXFileReference; lastKnownFileType = sourcecode.cpp.cpp; path = main.cpp; sourceTree = "<group>"; };
		19D0E09A1DC43A7500BF2693 /* grammarAnalyst.cpp */ = {isa = PBXFileReference; fileEncoding = 4; lastKnownFileType = sourcecode.cpp.cpp; path = grammarAnalyst.cpp; sourceTree = "<group>"; };
		19D0E09B1DC43A7500BF2693 /* grammarAnalyst.hpp */ = {isa = PBXFileReference; fileEncoding = 4; lastKnownFileType = sourcecode.cpp.h; path = grammarAnalyst.hpp; sourceTree = "<group>"; };
		19D120A51DC1D261003EEF6A /* calculator.cpp */ = {isa = PBXFileReference; fileEncoding = 4; lastKnownFileType = sourcecode.cpp.cpp; path = calculator.cpp; sourceTree = "<group>"; };
		19D120A61DC1D261003EEF6A /* calculator.hpp */ = {isa = PBXFileReference; fileEncoding = 4; lastKnownFileType = sourcecode.cpp.h; path = calculator.hpp; sourceTree = "<group>"; };
		19D120A81DC1D7A0003EEF6A /* memoryStack.cpp */ = {isa = PBXFileReference; fileEncoding = 4; lastKnownFileType = sourcecode.cpp.cpp; path = memoryStack.cpp; sourceTree = "<group>"; };
		19D120A91DC1D7A0003EEF6A /* memoryStack.hpp */ = {isa = PBXFileReference; fileEncoding = 4; lastKnownFileType = sourcecode.cpp.h; path = memoryStack.hpp; sourceTree = "<group>"; };
		19D120AB1DC1E6E3003EEF6A /* fileHandler.cpp */ = {isa = PBXFileReference; fileEncoding = 4; lastKnownFileType = sourcecode.cpp.cpp; path = fileHandler.cpp; sourceTree = "<group>"; };
		19D120AC1DC1E6E3003EEF6A /* fileHandler.hpp */ = {isa = PBXFileReference; fileEncoding = 4; lastKnownFileType = sourcecode.cpp.h; path = fileHandler.hpp; sourceTree = "<group>"; };
/* End PBXFileReference section */

/* Begin PBXFrameworksBuildPhase section */
		19CA4EF71DBE5C5F0050E0DF /* Frameworks */ = {
			isa = PBXFrameworksBuildPhase;
			buildActionMask = 2147483647;
			files = (
			);
			runOnlyForDeploymentPostprocessing = 0;
		};
/* End PBXFrameworksBuildPhase section */

/* Begin PBXGroup section */
		19CA4EF11DBE5C5F0050E0DF = {
			isa = PBXGroup;
			children = (
				19CA4EFC1DBE5C5F0050E0DF /* SeedCupProject */,
				19CA4EFB1DBE5C5F0050E0DF /* Products */,
			);
			sourceTree = "<group>";
		};
		19CA4EFB1DBE5C5F0050E0DF /* Products */ = {
			isa = PBXGroup;
			children = (
				19CA4EFA1DBE5C5F0050E0DF /* SeedCupProject */,
			);
			name = Products;
			sourceTree = "<group>";
		};
		19CA4EFC1DBE5C5F0050E0DF /* SeedCupProject */ = {
			isa = PBXGroup;
			children = (
				19CA4EFD1DBE5C5F0050E0DF /* main.cpp */,
				19D120A61DC1D261003EEF6A /* calculator.hpp */,
				19D120A51DC1D261003EEF6A /* calculator.cpp */,
				198524741DC4FC3000052782 /* iteratorManager.cpp */,
				198524751DC4FC3000052782 /* iteratorManager.hpp */,
				19D120A91DC1D7A0003EEF6A /* memoryStack.hpp */,
				19D120A81DC1D7A0003EEF6A /* memoryStack.cpp */,
				19D120AC1DC1E6E3003EEF6A /* fileHandler.hpp */,
				19D120AB1DC1E6E3003EEF6A /* fileHandler.cpp */,
				19BE66B71DC3975C0035ECC4 /* wordAnalyst.cpp */,
				19BE66B81DC3975C0035ECC4 /* wordAnalyst.hpp */,
				19BE66BB1DC399750035ECC4 /* token.hpp */,
				19D0E09A1DC43A7500BF2693 /* grammarAnalyst.cpp */,
				19D0E09B1DC43A7500BF2693 /* grammarAnalyst.hpp */,
			);
			path = SeedCupProject;
			sourceTree = "<group>";
		};
/* End PBXGroup section */

/* Begin PBXNativeTarget section */
		19CA4EF91DBE5C5F0050E0DF /* SeedCupProject */ = {
			isa = PBXNativeTarget;
			buildConfigurationList = 19CA4F011DBE5C5F0050E0DF /* Build configuration list for PBXNativeTarget "SeedCupProject" */;
			buildPhases = (
				19CA4EF61DBE5C5F0050E0DF /* Sources */,
				19CA4EF71DBE5C5F0050E0DF /* Frameworks */,
				19CA4EF81DBE5C5F0050E0DF /* CopyFiles */,
			);
			buildRules = (
			);
			dependencies = (
			);
			name = SeedCupProject;
			productName = SeedCupProject;
			productReference = 19CA4EFA1DBE5C5F0050E0DF /* SeedCupProject */;
			productType = "com.apple.product-type.tool";
		};
/* End PBXNativeTarget section */

/* Begin PBXProject section */
		19CA4EF21DBE5C5F0050E0DF /* Project object */ = {
			isa = PBXProject;
			attributes = {
				LastUpgradeCheck = 0710;
				ORGANIZATIONNAME = "唐艺峰";
				TargetAttributes = {
					19CA4EF91DBE5C5F0050E0DF = {
						CreatedOnToolsVersion = 7.1.1;
					};
				};
			};
			buildConfigurationList = 19CA4EF51DBE5C5F0050E0DF /* Build configuration list for PBXProject "SeedCupProject" */;
			compatibilityVersion = "Xcode 3.2";
			developmentRegion = English;
			hasScannedForEncodings = 0;
			knownRegions = (
				en,
			);
			mainGroup = 19CA4EF11DBE5C5F0050E0DF;
			productRefGroup = 19CA4EFB1DBE5C5F0050E0DF /* Products */;
			projectDirPath = "";
			projectRoot = "";
			targets = (
				19CA4EF91DBE5C5F0050E0DF /* SeedCupProject */,
			);
		};
/* End PBXProject section */

/* Begin PBXSourcesBuildPhase section */
		19CA4EF61DBE5C5F0050E0DF /* Sources */ = {
			isa = PBXSourcesBuildPhase;
			buildActionMask = 2147483647;
			files = (
				19CA4EFE1DBE5C5F0050E0DF /* main.cpp in Sources */,
				198524761DC4FC3000052782 /* iteratorManager.cpp in Sources */,
				19BE66B91DC3975C0035ECC4 /* wordAnalyst.cpp in Sources */,
				19D120AA1DC1D7A0003EEF6A /* memoryStack.cpp in Sources */,
				19D120AD1DC1E6E3003EEF6A /* fileHandler.cpp in Sources */,
				19D0E09C1DC43A7500BF2693 /* grammarAnalyst.cpp in Sources */,
				19D120A71DC1D261003EEF6A /* calculator.cpp in Sources */,
			);
			runOnlyForDeploymentPostprocessing = 0;
		};
/* End PBXSourcesBuildPhase section */

/* Begin XCBuildConfiguration section */
		19CA4EFF1DBE5C5F0050E0DF /* Debug */ = {
			isa = XCBuildConfiguration;
			buildSettings = {
				ALWAYS_SEARCH_USER_PATHS = NO;
				CLANG_CXX_LANGUAGE_STANDARD = "gnu++0x";
				CLANG_CXX_LIBRARY = "libc++";
				CLANG_ENABLE_MODULES = YES;
				CLANG_ENABLE_OBJC_ARC = YES;
				CLANG_WARN_BOOL_CONVERSION = YES;
				CLANG_WARN_CONSTANT_CONVERSION = YES;
				CLANG_WARN_DIRECT_OBJC_ISA_USAGE = YES_ERROR;
				CLANG_WARN_EMPTY_BODY = YES;
				CLANG_WARN_ENUM_CONVERSION = YES;
				CLANG_WARN_INT_CONVERSION = YES;
				CLANG_WARN_OBJC_ROOT_CLASS = YES_ERROR;
				CLANG_WARN_UNREACHABLE_CODE = YES;
				CLANG_WARN__DUPLICATE_METHOD_MATCH = YES;
				CODE_SIGN_IDENTITY = "-";
				COPY_PHASE_STRIP = NO;
				DEBUG_INFORMATION_FORMAT = dwarf;
				ENABLE_STRICT_OBJC_MSGSEND = YES;
				ENABLE_TESTABILITY = YES;
				GCC_C_LANGUAGE_STANDARD = gnu99;
				GCC_DYNAMIC_NO_PIC = NO;
				GCC_NO_COMMON_BLOCKS = YES;
				GCC_OPTIMIZATION_LEVEL = 0;
				GCC_PREPROCESSOR_DEFINITIONS = (
					"DEBUG=1",
					"$(inherited)",
				);
				GCC_WARN_64_TO_32_BIT_CONVERSION = YES;
				GCC_WARN_ABOUT_RETURN_TYPE = YES_ERROR;
				GCC_WARN_UNDECLARED_SELECTOR = YES;
				GCC_WARN_UNINITIALIZED_AUTOS = YES_AGGRESSIVE;
				GCC_WARN_UNUSED_FUNCTION = YES;
				GCC_WARN_UNUSED_VARIABLE = YES;
				MACOSX_DEPLOYMENT_TARGET = 10.10;
				MTL_ENABLE_DEBUG_INFO = YES;
				ONLY_ACTIVE_ARCH = YES;
				SDKROOT = macosx;
			};
			name = Debug;
		};
		19CA4F001DBE5C5F0050E0DF /* Release */ = {
			isa = XCBuildConfiguration;
			buildSettings = {
				ALWAYS_SEARCH_USER_PATHS = NO;
				CLANG_CXX_LANGUAGE_STANDARD = "gnu++0x";
				CLANG_CXX_LIBRARY = "libc++";
				CLANG_ENABLE_MODULES = YES;
				CLANG_ENABLE_OBJC_ARC = YES;
				CLANG_WARN_BOOL_CONVERSION = YES;
				CLANG_WARN_CONSTANT_CONVERSION = YES;
				CLANG_WARN_DIRECT_OBJC_ISA_USAGE = YES_ERROR;
				CLANG_WARN_EMPTY_BODY = YES;
				CLANG_WARN_ENUM_CONVERSION = YES;
				CLANG_WARN_INT_CONVERSION = YES;
				CLANG_WARN_OBJC_ROOT_CLASS = YES_ERROR;
				CLANG_WARN_UNREACHABLE_CODE = YES;
				CLANG_WARN__DUPLICATE_METHOD_MATCH = YES;
				CODE_SIGN_IDENTITY = "-";
				COPY_PHASE_STRIP = NO;
				DEBUG_INFORMATION_FORMAT = "dwarf-with-dsym";
				ENABLE_NS_ASSERTIONS = NO;
				ENABLE_STRICT_OBJC_MSGSEND = YES;
				GCC_C_LANGUAGE_STANDARD = gnu99;
				GCC_NO_COMMON_BLOCKS = YES;
				GCC_WARN_64_TO_32_BIT_CONVERSION = YES;
				GCC_WARN_ABOUT_RETURN_TYPE = YES_ERROR;
				GCC_WARN_UNDECLARED_SELECTOR = YES;
				GCC_WARN_UNINITIALIZED_AUTOS = YES_AGGRESSIVE;
				GCC_WARN_UNUSED_FUNCTION = YES;
				GCC_WARN_UNUSED_VARIABLE = YES;
				MACOSX_DEPLOYMENT_TARGET = 10.10;
				MTL_ENABLE_DEBUG_INFO = NO;
				SDKROOT = macosx;
			};
			name = Release;
		};
		19CA4F021DBE5C5F0050E0DF /* Debug */ = {
			isa = XCBuildConfiguration;
			buildSettings = {
				PRODUCT_NAME = "$(TARGET_NAME)";
			};
			name = Debug;
		};
		19CA4F031DBE5C5F0050E0DF /* Release */ = {
			isa = XCBuildConfiguration;
			buildSettings = {
				PRODUCT_NAME = "$(TARGET_NAME)";
			};
			name = Release;
		};
/* End XCBuildConfiguration section */

/* Begin XCConfigurationList section */
		19CA4EF51DBE5C5F0050E0DF /* Build configuration list for PBXProject "SeedCupProject" */ = {
			isa = XCConfigurationList;
			buildConfigurations = (
				19CA4EFF1DBE5C5F0050E0DF /* Debug */,
				19CA4F001DBE5C5F0050E0DF /* Release */,
			);
			defaultConfigurationIsVisible = 0;
			defaultConfigurationName = Release;
		};
		19CA4F011DBE5C5F0050E0DF /* Build configuration list for PBXNativeTarget "SeedCupProject" */ = {
			isa = XCConfigurationList;
			buildConfigurations = (
				19CA4F021DBE5C5F0050E0DF /* Debug */,
				19CA4F031DBE5C5F0050E0DF /* Release */,
			);
			defaultConfigurationIsVisible = 0;
			defaultConfigurationName = Release;
		};
/* End XCConfigurationList section */
	};
	rootObject = 19CA4EF21DBE5C5F0050E0DF /* Project object */;
}
